
Microsoft Visual Studio Solution File, Format Version 12.00
# Visual Studio Version 17
VisualStudioVersion = 17.11.35303.130
MinimumVisualStudioVersion = 10.0.40219.1
Project("{9A19103F-16F7-4668-BE54-9A1E7A4F7556}") = "WorkWithFiles", "WorkWithFiles\WorkWithFiles.csproj", "{FF083FDE-6ADC-40F2-992E-9705638578E1}"
EndProject
Project("{9A19103F-16F7-4668-BE54-9A1E7A4F7556}") = "Task1", "Task1\Task1.csproj", "{8954EC8F-D20B-4134-A740-F3A29245CD59}"
EndProject
Project("{FAE04EC0-301F-11D3-BF4B-00C04F79EFBC}") = "Task2", "Task2\Task2.csproj", "{C831C9D4-1234-4C60-B2FD-3F17DAFCE83A}"
EndProject
Project("{FAE04EC0-301F-11D3-BF4B-00C04F79EFBC}") = "Task3", "Task3\Task3.csproj", "{59430400-B0BE-4DF0-98DD-76BD2FF4E750}"
EndProject
Global
	GlobalSection(SolutionConfigurationPlatforms) = preSolution
		Debug|Any CPU = Debug|Any CPU
		Release|Any CPU = Release|Any CPU
	EndGlobalSection
	GlobalSection(ProjectConfigurationPlatforms) = postSolution
		{FF083FDE-6ADC-40F2-992E-9705638578E1}.Debug|Any CPU.ActiveCfg = Debug|Any CPU
		{FF083FDE-6ADC-40F2-992E-9705638578E1}.Debug|Any CPU.Build.0 = Debug|Any CPU
		{FF083FDE-6ADC-40F2-992E-9705638578E1}.Release|Any CPU.ActiveCfg = Release|Any CPU
		{FF083FDE-6ADC-40F2-992E-9705638578E1}.Release|Any CPU.Build.0 = Release|Any CPU
		{8954EC8F-D20B-4134-A740-F3A29245CD59}.Debug|Any CPU.ActiveCfg = Debug|Any CPU
		{8954EC8F-D20B-4134-A740-F3A29245CD59}.Debug|Any CPU.Build.0 = Debug|Any CPU
		{8954EC8F-D20B-4134-A740-F3A29245CD59}.Release|Any CPU.ActiveCfg = Release|Any CPU
		{8954EC8F-D20B-4134-A740-F3A29245CD59}.Release|Any CPU.Build.0 = Release|Any CPU
		{C831C9D4-1234-4C60-B2FD-3F17DAFCE83A}.Debug|Any CPU.ActiveCfg = Debug|Any CPU
		{C831C9D4-1234-4C60-B2FD-3F17DAFCE83A}.Debug|Any CPU.Build.0 = Debug|Any CPU
		{C831C9D4-1234-4C60-B2FD-3F17DAFCE83A}.Release|Any CPU.ActiveCfg = Release|Any CPU
		{C831C9D4-1234-4C60-B2FD-3F17DAFCE83A}.Release|Any CPU.Build.0 = Release|Any CPU
		{59430400-B0BE-4DF0-98DD-76BD2FF4E750}.Debug|Any CPU.ActiveCfg = Debug|Any CPU
		{59430400-B0BE-4DF0-98DD-76BD2FF4E750}.Debug|Any CPU.Build.0 = Debug|Any CPU
		{59430400-B0BE-4DF0-98DD-76BD2FF4E750}.Release|Any CPU.ActiveCfg = Release|Any CPU
		{59430400-B0BE-4DF0-98DD-76BD2FF4E750}.Release|Any CPU.Build.0 = Release|Any CPU
	EndGlobalSection
	GlobalSection(SolutionProperties) = preSolution
		HideSolutionNode = FALSE
	EndGlobalSection
	GlobalSection(ExtensibilityGlobals) = postSolution
		SolutionGuid = {77CF49C9-6A9F-40F2-BBD7-8FD6A2DF2040}
	EndGlobalSection
EndGlobal
