
Microsoft Visual Studio Solution File, Format Version 12.00
# Visual Studio Version 17
VisualStudioVersion = 17.11.35303.130
MinimumVisualStudioVersion = 10.0.40219.1
Project("{FAE04EC0-301F-11D3-BF4B-00C04F79EFBC}") = "WorkWithFiles", "WorkWithFiles\WorkWithFiles.csproj", "{FF083FDE-6ADC-40F2-992E-9705638578E1}"
EndProject
Global
	GlobalSection(SolutionConfigurationPlatforms) = preSolution
		Debug|Any CPU = Debug|Any CPU
		Release|Any CPU = Release|Any CPU
	EndGlobalSection
	GlobalSection(ProjectConfigurationPlatforms) = postSolution
		{FF083FDE-6ADC-40F2-992E-9705638578E1}.Debug|Any CPU.ActiveCfg = Debug|Any CPU
		{FF083FDE-6ADC-40F2-992E-9705638578E1}.Debug|Any CPU.Build.0 = Debug|Any CPU
		{FF083FDE-6ADC-40F2-992E-9705638578E1}.Release|Any CPU.ActiveCfg = Release|Any CPU
		{FF083FDE-6ADC-40F2-992E-9705638578E1}.Release|Any CPU.Build.0 = Release|Any CPU
	EndGlobalSection
	GlobalSection(SolutionProperties) = preSolution
		HideSolutionNode = FALSE
	EndGlobalSection
	GlobalSection(ExtensibilityGlobals) = postSolution
		SolutionGuid = {77CF49C9-6A9F-40F2-BBD7-8FD6A2DF2040}
	EndGlobalSection
EndGlobal
